
Microsoft Visual Studio Solution File, Format Version 12.00
# Visual Studio Version 16
VisualStudioVersion = 16.0.29920.165
MinimumVisualStudioVersion = 10.0.40219.1
Project("{FAE04EC0-301F-11D3-BF4B-00C04F79EFBC}") = "AdditionalTask", "AdditionalTask\AdditionalTask.csproj", "{46F69E04-4734-41D1-AB34-757C4B8176BB}"
EndProject
Project("{FAE04EC0-301F-11D3-BF4B-00C04F79EFBC}") = "Task2", "Task2\Task2.csproj", "{7C2B93A2-9791-48B7-8E51-C7B611DEFA04}"
EndProject
Project("{FAE04EC0-301F-11D3-BF4B-00C04F79EFBC}") = "Task3", "Task3\Task3.csproj", "{FBA9BE85-83FC-4EA9-8F73-DB9B737F7A69}"
EndProject
Global
	GlobalSection(SolutionConfigurationPlatforms) = preSolution
		Debug|Any CPU = Debug|Any CPU
		Release|Any CPU = Release|Any CPU
	EndGlobalSection
	GlobalSection(ProjectConfigurationPlatforms) = postSolution
		{46F69E04-4734-41D1-AB34-757C4B8176BB}.Debug|Any CPU.ActiveCfg = Debug|Any CPU
		{46F69E04-4734-41D1-AB34-757C4B8176BB}.Debug|Any CPU.Build.0 = Debug|Any CPU
		{46F69E04-4734-41D1-AB34-757C4B8176BB}.Release|Any CPU.ActiveCfg = Release|Any CPU
		{46F69E04-4734-41D1-AB34-757C4B8176BB}.Release|Any CPU.Build.0 = Release|Any CPU
		{7C2B93A2-9791-48B7-8E51-C7B611DEFA04}.Debug|Any CPU.ActiveCfg = Debug|Any CPU
		{7C2B93A2-9791-48B7-8E51-C7B611DEFA04}.Debug|Any CPU.Build.0 = Debug|Any CPU
		{7C2B93A2-9791-48B7-8E51-C7B611DEFA04}.Release|Any CPU.ActiveCfg = Release|Any CPU
		{7C2B93A2-9791-48B7-8E51-C7B611DEFA04}.Release|Any CPU.Build.0 = Release|Any CPU
		{FBA9BE85-83FC-4EA9-8F73-DB9B737F7A69}.Debug|Any CPU.ActiveCfg = Debug|Any CPU
		{FBA9BE85-83FC-4EA9-8F73-DB9B737F7A69}.Debug|Any CPU.Build.0 = Debug|Any CPU
		{FBA9BE85-83FC-4EA9-8F73-DB9B737F7A69}.Release|Any CPU.ActiveCfg = Release|Any CPU
		{FBA9BE85-83FC-4EA9-8F73-DB9B737F7A69}.Release|Any CPU.Build.0 = Release|Any CPU
	EndGlobalSection
	GlobalSection(SolutionProperties) = preSolution
		HideSolutionNode = FALSE
	EndGlobalSection
	GlobalSection(ExtensibilityGlobals) = postSolution
		SolutionGuid = {23474BF5-5126-42F0-8CDD-570D78DD60CF}
	EndGlobalSection
EndGlobal
